
Microsoft Visual Studio Solution File, Format Version 12.00
# Visual Studio Version 17
VisualStudioVersion = 17.0.31903.59
MinimumVisualStudioVersion = 10.0.40219.1
Project("{2150E333-8FDC-42A3-9474-1A3956D46DE8}") = "src", "src", "{827E0CD3-B72D-47B6-A68D-7590B98EB39B}"
EndProject
Project("{FAE04EC0-301F-11D3-BF4B-00C04F79EFBC}") = "Dirt5.Probe", "src\Dirt5.Probe\Dirt5.Probe.csproj", "{EAFE8795-ACC2-43C5-A737-8291D7675E64}"
EndProject
Project("{2150E333-8FDC-42A3-9474-1A3956D46DE8}") = "tools", "tools", "{07C2787E-EAC7-C090-1BA3-A61EC2A24D84}"
EndProject
Project("{2150E333-8FDC-42A3-9474-1A3956D46DE8}") = "ego.nefsedit", "ego.nefsedit", "{2B72FFF1-D357-1B48-D6CE-CF6304EF2E31}"
EndProject
Project("{FAE04EC0-301F-11D3-BF4B-00C04F79EFBC}") = "VictorBush.Ego.NefsLib", "tools\ego.nefsedit\VictorBush.Ego.NefsLib\VictorBush.Ego.NefsLib.csproj", "{C2A35675-2ED6-4309-882A-7166019ED437}"
EndProject
Project("{FAE04EC0-301F-11D3-BF4B-00C04F79EFBC}") = "Dirt5.TrackCompanion", "src\Dirt5.TrackCompanion\Dirt5.TrackCompanion.csproj", "{C52A7A20-98FE-45AA-BC2A-2FDD4AD37783}"
EndProject
Project("{FAE04EC0-301F-11D3-BF4B-00C04F79EFBC}") = "Dirt5.SaveInspector", "src\Dirt5.SaveInspector\Dirt5.SaveInspector.csproj", "{753F4B6B-A976-4A6A-B4E8-9A3BD66F33CE}"
EndProject
Global
	GlobalSection(SolutionConfigurationPlatforms) = preSolution
		Debug|Any CPU = Debug|Any CPU
		Debug|x64 = Debug|x64
		Debug|x86 = Debug|x86
		Release|Any CPU = Release|Any CPU
		Release|x64 = Release|x64
		Release|x86 = Release|x86
	EndGlobalSection
	GlobalSection(ProjectConfigurationPlatforms) = postSolution
		{EAFE8795-ACC2-43C5-A737-8291D7675E64}.Debug|Any CPU.ActiveCfg = Debug|Any CPU
		{EAFE8795-ACC2-43C5-A737-8291D7675E64}.Debug|Any CPU.Build.0 = Debug|Any CPU
		{EAFE8795-ACC2-43C5-A737-8291D7675E64}.Debug|x64.ActiveCfg = Debug|Any CPU
		{EAFE8795-ACC2-43C5-A737-8291D7675E64}.Debug|x64.Build.0 = Debug|Any CPU
		{EAFE8795-ACC2-43C5-A737-8291D7675E64}.Debug|x86.ActiveCfg = Debug|Any CPU
		{EAFE8795-ACC2-43C5-A737-8291D7675E64}.Debug|x86.Build.0 = Debug|Any CPU
		{EAFE8795-ACC2-43C5-A737-8291D7675E64}.Release|Any CPU.ActiveCfg = Release|Any CPU
		{EAFE8795-ACC2-43C5-A737-8291D7675E64}.Release|Any CPU.Build.0 = Release|Any CPU
		{EAFE8795-ACC2-43C5-A737-8291D7675E64}.Release|x64.ActiveCfg = Release|Any CPU
		{EAFE8795-ACC2-43C5-A737-8291D7675E64}.Release|x64.Build.0 = Release|Any CPU
		{EAFE8795-ACC2-43C5-A737-8291D7675E64}.Release|x86.ActiveCfg = Release|Any CPU
		{EAFE8795-ACC2-43C5-A737-8291D7675E64}.Release|x86.Build.0 = Release|Any CPU
		{C2A35675-2ED6-4309-882A-7166019ED437}.Debug|Any CPU.ActiveCfg = Debug|Any CPU
		{C2A35675-2ED6-4309-882A-7166019ED437}.Debug|Any CPU.Build.0 = Debug|Any CPU
		{C2A35675-2ED6-4309-882A-7166019ED437}.Debug|x64.ActiveCfg = Debug|Any CPU
		{C2A35675-2ED6-4309-882A-7166019ED437}.Debug|x64.Build.0 = Debug|Any CPU
		{C2A35675-2ED6-4309-882A-7166019ED437}.Debug|x86.ActiveCfg = Debug|Any CPU
		{C2A35675-2ED6-4309-882A-7166019ED437}.Debug|x86.Build.0 = Debug|Any CPU
		{C2A35675-2ED6-4309-882A-7166019ED437}.Release|Any CPU.ActiveCfg = Release|Any CPU
		{C2A35675-2ED6-4309-882A-7166019ED437}.Release|Any CPU.Build.0 = Release|Any CPU
		{C2A35675-2ED6-4309-882A-7166019ED437}.Release|x64.ActiveCfg = Release|Any CPU
		{C2A35675-2ED6-4309-882A-7166019ED437}.Release|x64.Build.0 = Release|Any CPU
		{C2A35675-2ED6-4309-882A-7166019ED437}.Release|x86.ActiveCfg = Release|Any CPU
		{C2A35675-2ED6-4309-882A-7166019ED437}.Release|x86.Build.0 = Release|Any CPU
		{C52A7A20-98FE-45AA-BC2A-2FDD4AD37783}.Debug|Any CPU.ActiveCfg = Debug|Any CPU
		{C52A7A20-98FE-45AA-BC2A-2FDD4AD37783}.Debug|Any CPU.Build.0 = Debug|Any CPU
		{C52A7A20-98FE-45AA-BC2A-2FDD4AD37783}.Debug|x64.ActiveCfg = Debug|Any CPU
		{C52A7A20-98FE-45AA-BC2A-2FDD4AD37783}.Debug|x64.Build.0 = Debug|Any CPU
		{C52A7A20-98FE-45AA-BC2A-2FDD4AD37783}.Debug|x86.ActiveCfg = Debug|Any CPU
		{C52A7A20-98FE-45AA-BC2A-2FDD4AD37783}.Debug|x86.Build.0 = Debug|Any CPU
		{C52A7A20-98FE-45AA-BC2A-2FDD4AD37783}.Release|Any CPU.ActiveCfg = Release|Any CPU
		{C52A7A20-98FE-45AA-BC2A-2FDD4AD37783}.Release|Any CPU.Build.0 = Release|Any CPU
		{C52A7A20-98FE-45AA-BC2A-2FDD4AD37783}.Release|x64.ActiveCfg = Release|Any CPU
		{C52A7A20-98FE-45AA-BC2A-2FDD4AD37783}.Release|x64.Build.0 = Release|Any CPU
		{C52A7A20-98FE-45AA-BC2A-2FDD4AD37783}.Release|x86.ActiveCfg = Release|Any CPU
		{C52A7A20-98FE-45AA-BC2A-2FDD4AD37783}.Release|x86.Build.0 = Release|Any CPU
		{753F4B6B-A976-4A6A-B4E8-9A3BD66F33CE}.Debug|Any CPU.ActiveCfg = Debug|Any CPU
		{753F4B6B-A976-4A6A-B4E8-9A3BD66F33CE}.Debug|Any CPU.Build.0 = Debug|Any CPU
		{753F4B6B-A976-4A6A-B4E8-9A3BD66F33CE}.Debug|x64.ActiveCfg = Debug|Any CPU
		{753F4B6B-A976-4A6A-B4E8-9A3BD66F33CE}.Debug|x64.Build.0 = Debug|Any CPU
		{753F4B6B-A976-4A6A-B4E8-9A3BD66F33CE}.Debug|x86.ActiveCfg = Debug|Any CPU
		{753F4B6B-A976-4A6A-B4E8-9A3BD66F33CE}.Debug|x86.Build.0 = Debug|Any CPU
		{753F4B6B-A976-4A6A-B4E8-9A3BD66F33CE}.Release|Any CPU.ActiveCfg = Release|Any CPU
		{753F4B6B-A976-4A6A-B4E8-9A3BD66F33CE}.Release|Any CPU.Build.0 = Release|Any CPU
		{753F4B6B-A976-4A6A-B4E8-9A3BD66F33CE}.Release|x64.ActiveCfg = Release|Any CPU
		{753F4B6B-A976-4A6A-B4E8-9A3BD66F33CE}.Release|x64.Build.0 = Release|Any CPU
		{753F4B6B-A976-4A6A-B4E8-9A3BD66F33CE}.Release|x86.ActiveCfg = Release|Any CPU
		{753F4B6B-A976-4A6A-B4E8-9A3BD66F33CE}.Release|x86.Build.0 = Release|Any CPU
	EndGlobalSection
	GlobalSection(SolutionProperties) = preSolution
		HideSolutionNode = FALSE
	EndGlobalSection
	GlobalSection(NestedProjects) = preSolution
		{EAFE8795-ACC2-43C5-A737-8291D7675E64} = {827E0CD3-B72D-47B6-A68D-7590B98EB39B}
		{2B72FFF1-D357-1B48-D6CE-CF6304EF2E31} = {07C2787E-EAC7-C090-1BA3-A61EC2A24D84}
		{C2A35675-2ED6-4309-882A-7166019ED437} = {2B72FFF1-D357-1B48-D6CE-CF6304EF2E31}
		{C52A7A20-98FE-45AA-BC2A-2FDD4AD37783} = {827E0CD3-B72D-47B6-A68D-7590B98EB39B}
		{753F4B6B-A976-4A6A-B4E8-9A3BD66F33CE} = {827E0CD3-B72D-47B6-A68D-7590B98EB39B}
	EndGlobalSection
EndGlobal
